Microsoft Visual Studio Solution File, Format Version 12.00
# Visual Studio 2012
Project("{FAE04EC0-301F-11D3-BF4B-00C04F79EFBC}") = "Firstgodot", "Firstgodot.csproj", "{D682164C-7AF9-4818-A507-82D7ED44D4CB}"
EndProject
Global
	GlobalSection(SolutionConfigurationPlatforms) = preSolution
	Debug|Any CPU = Debug|Any CPU
	ExportDebug|Any CPU = ExportDebug|Any CPU
	ExportRelease|Any CPU = ExportRelease|Any CPU
	EndGlobalSection
	GlobalSection(ProjectConfigurationPlatforms) = postSolution
		{D682164C-7AF9-4818-A507-82D7ED44D4CB}.Debug|Any CPU.ActiveCfg = Debug|Any CPU
		{D682164C-7AF9-4818-A507-82D7ED44D4CB}.Debug|Any CPU.Build.0 = Debug|Any CPU
		{D682164C-7AF9-4818-A507-82D7ED44D4CB}.ExportDebug|Any CPU.ActiveCfg = ExportDebug|Any CPU
		{D682164C-7AF9-4818-A507-82D7ED44D4CB}.ExportDebug|Any CPU.Build.0 = ExportDebug|Any CPU
		{D682164C-7AF9-4818-A507-82D7ED44D4CB}.ExportRelease|Any CPU.ActiveCfg = ExportRelease|Any CPU
		{D682164C-7AF9-4818-A507-82D7ED44D4CB}.ExportRelease|Any CPU.Build.0 = ExportRelease|Any CPU
	EndGlobalSection
EndGlobal
